// !$*UTF8*$!
{
	archiveVersion = 1;
	classes = {
	};
	objectVersion = 46;
	objects = {

/* Begin PBXBuildFile section */
		B778A3DD1CC16CFA00E2F6DE /* main.m in Sources */ = {isa = PBXBuildFile; fileRef = B778A3DC1CC16CFA00E2F6DE /* main.m */; };
		B778A3E01CC16CFA00E2F6DE /* AppDelegate.m in Sources */ = {isa = PBXBuildFile; fileRef = B778A3DF1CC16CFA00E2F6DE /* AppDelegate.m */; };
		B778A3E31CC16CFA00E2F6DE /* ViewController.m in Sources */ = {isa = PBXBuildFile; fileRef = B778A3E21CC16CFA00E2F6DE /* ViewController.m */; };
		B778A3E91CC16CFA00E2F6DE /* IpadRotationApproach.xcdatamodeld in Sources */ = {isa = PBXBuildFile; fileRef = B778A3E71CC16CFA00E2F6DE /* IpadRotationApproach.xcdatamodeld */; };
		B778A3EB1CC16CFA00E2F6DE /* Assets.xcassets in Resources */ = {isa = PBXBuildFile; fileRef = B778A3EA1CC16CFA00E2F6DE /* Assets.xcassets */; };
		B778A3EE1CC16CFA00E2F6DE /* LaunchScreen.storyboard in Resources */ = {isa = PBXBuildFile; fileRef = B778A3EC1CC16CFA00E2F6DE /* LaunchScreen.storyboard */; };
		B778A3F61CC16ECA00E2F6DE /* ViewController.xib in Resources */ = {isa = PBXBuildFile; fileRef = B778A3F51CC16ECA00E2F6DE /* ViewController.xib */; };
/* End PBXBuildFile section */

/* Begin PBXFileReference section */
		B778A3D81CC16CFA00E2F6DE /* IpadRotationApproach.app */ = {isa = PBXFileReference; explicitFileType = wrapper.application; includeInIndex = 0; path = IpadRotationApproach.app; sourceTree = BUILT_PRODUCTS_DIR; };
		B778A3DC1CC16CFA00E2F6DE /* main.m */ = {isa = PBXFileReference; lastKnownFileType = sourcecode.c.objc; path = main.m; sourceTree = "<group>"; };
		B778A3DE1CC16CFA00E2F6DE /* AppDelegate.h */ = {isa = PBXFileReference; lastKnownFileType = sourcecode.c.h; path = AppDelegate.h; sourceTree = "<group>"; };
		B778A3DF1CC16CFA00E2F6DE /* AppDelegate.m */ = {isa = PBXFileReference; lastKnownFileType = sourcecode.c.objc; path = AppDelegate.m; sourceTree = "<group>"; };
		B778A3E11CC16CFA00E2F6DE /* ViewController.h */ = {isa = PBXFileReference; lastKnownFileType = sourcecode.c.h; path = ViewController.h; sourceTree = "<group>"; };
		B778A3E21CC16CFA00E2F6DE /* ViewController.m */ = {isa = PBXFileReference; lastKnownFileType = sourcecode.c.objc; path = ViewController.m; sourceTree = "<group>"; };
		B778A3E81CC16CFA00E2F6DE /* IpadRotationApproach.xcdatamodel */ = {isa = PBXFileReference; lastKnownFileType = wrapper.xcdatamodel; path = IpadRotationApproach.xcdatamodel; sourceTree = "<group>"; };
		B778A3EA1CC16CFA00E2F6DE /* Assets.xcassets */ = {isa = PBXFileReference; lastKnownFileType = folder.assetcatalog; path = Assets.xcassets; sourceTree = "<group>"; };
		B778A3ED1CC16CFA00E2F6DE /* Base */ = {isa = PBXFileReference; lastKnownFileType = file.storyboard; name = Base; path = Base.lproj/LaunchScreen.storyboard; sourceTree = "<group>"; };
		B778A3EF1CC16CFA00E2F6DE /* Info.plist */ = {isa = PBXFileReference; lastKnownFileType = text.plist.xml; path = Info.plist; sourceTree = "<group>"; };
		B778A3F51CC16ECA00E2F6DE /* ViewController.xib */ = {isa = PBXFileReference; fileEncoding = 4; lastKnownFileType = file.xib; path = ViewController.xib; sourceTree = "<group>"; };
/* End PBXFileReference section */

/* Begin PBXFrameworksBuildPhase section */
		B778A3D51CC16CFA00E2F6DE /* Frameworks */ = {
			isa = PBXFrameworksBuildPhase;
			buildActionMask = 2147483647;
			files = (
			);
			runOnlyForDeploymentPostprocessing = 0;
		};
/* End PBXFrameworksBuildPhase section */

/* Begin PBXGroup section */
		B778A3CF1CC16CFA00E2F6DE = {
			isa = PBXGroup;
			children = (
				B778A3DA1CC16CFA00E2F6DE /* IpadRotationApproach */,
				B778A3D91CC16CFA00E2F6DE /* Products */,
			);
			sourceTree = "<group>";
		};
		B778A3D91CC16CFA00E2F6DE /* Products */ = {
			isa = PBXGroup;
			children = (
				B778A3D81CC16CFA00E2F6DE /* IpadRotationApproach.app */,
			);
			name = Products;
			sourceTree = "<group>";
		};
		B778A3DA1CC16CFA00E2F6DE /* IpadRotationApproach */ = {
			isa = PBXGroup;
			children = (
				B778A3DE1CC16CFA00E2F6DE /* AppDelegate.h */,
				B778A3DF1CC16CFA00E2F6DE /* AppDelegate.m */,
				B778A3E11CC16CFA00E2F6DE /* ViewController.h */,
				B778A3E21CC16CFA00E2F6DE /* ViewController.m */,
				B778A3EA1CC16CFA00E2F6DE /* Assets.xcassets */,
				B778A3EC1CC16CFA00E2F6DE /* LaunchScreen.storyboard */,
				B778A3EF1CC16CFA00E2F6DE /* Info.plist */,
				B778A3E71CC16CFA00E2F6DE /* IpadRotationApproach.xcdatamodeld */,
				B778A3DB1CC16CFA00E2F6DE /* Supporting Files */,
				B778A3F51CC16ECA00E2F6DE /* ViewController.xib */,
			);
			path = IpadRotationApproach;
			sourceTree = "<group>";
		};
		B778A3DB1CC16CFA00E2F6DE /* Supporting Files */ = {
			isa = PBXGroup;
			children = (
				B778A3DC1CC16CFA00E2F6DE /* main.m */,
			);
			name = "Supporting Files";
			sourceTree = "<group>";
		};
/* End PBXGroup section */

/* Begin PBXNativeTarget section */
		B778A3D71CC16CFA00E2F6DE /* IpadRotationApproach */ = {
			isa = PBXNativeTarget;
			buildConfigurationList = B778A3F21CC16CFA00E2F6DE /* Build configuration list for PBXNativeTarget "IpadRotationApproach" */;
			buildPhases = (
				B778A3D41CC16CFA00E2F6DE /* Sources */,
				B778A3D51CC16CFA00E2F6DE /* Frameworks */,
				B778A3D61CC16CFA00E2F6DE /* Resources */,
			);
			buildRules = (
			);
			dependencies = (
			);
			name = IpadRotationApproach;
			productName = IpadRotationApproach;
			productReference = B778A3D81CC16CFA00E2F6DE /* IpadRotationApproach.app */;
			productType = "com.apple.product-type.application";
		};
/* End PBXNativeTarget section */

/* Begin PBXProject section */
		B778A3D01CC16CFA00E2F6DE /* Project object */ = {
			isa = PBXProject;
			attributes = {
				LastUpgradeCheck = 0720;
				ORGANIZATIONNAME = "Jose Rafael";
				TargetAttributes = {
					B778A3D71CC16CFA00E2F6DE = {
						CreatedOnToolsVersion = 7.2.1;
					};
				};
			};
			buildConfigurationList = B778A3D31CC16CFA00E2F6DE /* Build configuration list for PBXProject "IpadRotationApproach" */;
			compatibilityVersion = "Xcode 3.2";
			developmentRegion = English;
			hasScannedForEncodings = 0;
			knownRegions = (
				en,
				Base,
			);
			mainGroup = B778A3CF1CC16CFA00E2F6DE;
			productRefGroup = B778A3D91CC16CFA00E2F6DE /* Products */;
			projectDirPath = "";
			projectRoot = "";
			targets = (
				B778A3D71CC16CFA00E2F6DE /* IpadRotationApproach */,
			);
		};
/* End PBXProject section */

/* Begin PBXResourcesBuildPhase section */
		B778A3D61CC16CFA00E2F6DE /* Resources */ = {
			isa = PBXResourcesBuildPhase;
			buildActionMask = 2147483647;
			files = (
				B778A3EE1CC16CFA00E2F6DE /* LaunchScreen.storyboard in Resources */,
				B778A3F61CC16ECA00E2F6DE /* ViewController.xib in Resources */,
				B778A3EB1CC16CFA00E2F6DE /* Assets.xcassets in Resources */,
			);
			runOnlyForDeploymentPostprocessing = 0;
		};
/* End PBXResourcesBuildPhase section */

/* Begin PBXSourcesBuildPhase section */
		B778A3D41CC16CFA00E2F6DE /* Sources */ = {
			isa = PBXSourcesBuildPhase;
			buildActionMask = 2147483647;
			files = (
				B778A3E31CC16CFA00E2F6DE /* ViewController.m in Sources */,
				B778A3E01CC16CFA00E2F6DE /* AppDelegate.m in Sources */,
				B778A3DD1CC16CFA00E2F6DE /* main.m in Sources */,
				B778A3E91CC16CFA00E2F6DE /* IpadRotationApproach.xcdatamodeld in Sources */,
			);
			runOnlyForDeploymentPostprocessing = 0;
		};
/* End PBXSourcesBuildPhase section */

/* Begin PBXVariantGroup section */
		B778A3EC1CC16CFA00E2F6DE /* LaunchScreen.storyboard */ = {
			isa = PBXVariantGroup;
			children = (
				B778A3ED1CC16CFA00E2F6DE /* Base */,
			);
			name = LaunchScreen.storyboard;
			sourceTree = "<group>";
		};
/* End PBXVariantGroup section */

/* Begin XCBuildConfiguration section */
		B778A3F01CC16CFA00E2F6DE /* Debug */ = {
			isa = XCBuildConfiguration;
			buildSettings = {
				ALWAYS_SEARCH_USER_PATHS = NO;
				CLANG_CXX_LANGUAGE_STANDARD = "gnu++0x";
				CLANG_CXX_LIBRARY = "libc++";
				CLANG_ENABLE_MODULES = YES;
				CLANG_ENABLE_OBJC_ARC = YES;
				CLANG_WARN_BOOL_CONVERSION = YES;
				CLANG_WARN_CONSTANT_CONVERSION = YES;
				CLANG_WARN_DIRECT_OBJC_ISA_USAGE = YES_ERROR;
				CLANG_WARN_EMPTY_BODY = YES;
				CLANG_WARN_ENUM_CONVERSION = YES;
				CLANG_WARN_INT_CONVERSION = YES;
				CLANG_WARN_OBJC_ROOT_CLASS = YES_ERROR;
				CLANG_WARN_UNREACHABLE_CODE = YES;
				CLANG_WARN__DUPLICATE_METHOD_MATCH = YES;
				"CODE_SIGN_IDENTITY[sdk=iphoneos*]" = "iPhone Developer";
				COPY_PHASE_STRIP = NO;
				DEBUG_INFORMATION_FORMAT = dwarf;
				ENABLE_STRICT_OBJC_MSGSEND = YES;
				ENABLE_TESTABILITY = YES;
				GCC_C_LANGUAGE_STANDARD = gnu99;
				GCC_DYNAMIC_NO_PIC = NO;
				GCC_NO_COMMON_BLOCKS = YES;
				GCC_OPTIMIZATION_LEVEL = 0;
				GCC_PREPROCESSOR_DEFINITIONS = (
					"DEBUG=1",
					"$(inherited)",
				);
				GCC_WARN_64_TO_32_BIT_CONVERSION = YES;
				GCC_WARN_ABOUT_RETURN_TYPE = YES_ERROR;
				GCC_WARN_UNDECLARED_SELECTOR = YES;
				GCC_WARN_UNINITIALIZED_AUTOS = YES_AGGRESSIVE;
				GCC_WARN_UNUSED_FUNCTION = YES;
				GCC_WARN_UNUSED_VARIABLE = YES;
				IPHONEOS_DEPLOYMENT_TARGET = 9.2;
				MTL_ENABLE_DEBUG_INFO = YES;
				ONLY_ACTIVE_ARCH = YES;
				SDKROOT = iphoneos;
				TARGETED_DEVICE_FAMILY = 2;
			};
			name = Debug;
		};
		B778A3F11CC16CFA00E2F6DE /* Release */ = {
			isa = XCBuildConfiguration;
			buildSettings = {
				ALWAYS_SEARCH_USER_PATHS = NO;
				CLANG_CXX_LANGUAGE_STANDARD = "gnu++0x";
				CLANG_CXX_LIBRARY = "libc++";
				CLANG_ENABLE_MODULES = YES;
				CLANG_ENABLE_OBJC_ARC = YES;
				CLANG_WARN_BOOL_CONVERSION = YES;
				CLANG_WARN_CONSTANT_CONVERSION = YES;
				CLANG_WARN_DIRECT_OBJC_ISA_USAGE = YES_ERROR;
				CLANG_WARN_EMPTY_BODY = YES;
				CLANG_WARN_ENUM_CONVERSION = YES;
				CLANG_WARN_INT_CONVERSION = YES;
				CLANG_WARN_OBJC_ROOT_CLASS = YES_ERROR;
				CLANG_WARN_UNREACHABLE_CODE = YES;
				CLANG_WARN__DUPLICATE_METHOD_MATCH = YES;
				"CODE_SIGN_IDENTITY[sdk=iphoneos*]" = "iPhone Developer";
				COPY_PHASE_STRIP = NO;
				DEBUG_INFORMATION_FORMAT = "dwarf-with-dsym";
				ENABLE_NS_ASSERTIONS = NO;
				ENABLE_STRICT_OBJC_MSGSEND = YES;
				GCC_C_LANGUAGE_STANDARD = gnu99;
				GCC_NO_COMMON_BLOCKS = YES;
				GCC_WARN_64_TO_32_BIT_CONVERSION = YES;
				GCC_WARN_ABOUT_RETURN_TYPE = YES_ERROR;
				GCC_WARN_UNDECLARED_SELECTOR = YES;
				GCC_WARN_UNINITIALIZED_AUTOS = YES_AGGRESSIVE;
				GCC_WARN_UNUSED_FUNCTION = YES;
				GCC_WARN_UNUSED_VARIABLE = YES;
				IPHONEOS_DEPLOYMENT_TARGET = 9.2;
				MTL_ENABLE_DEBUG_INFO = NO;
				SDKROOT = iphoneos;
				TARGETED_DEVICE_FAMILY = 2;
				VALIDATE_PRODUCT = YES;
			};
			name = Release;
		};
		B778A3F31CC16CFA00E2F6DE /* Debug */ = {
			isa = XCBuildConfiguration;
			buildSettings = {
				ASSETCATALOG_COMPILER_APPICON_NAME = AppIcon;
				INFOPLIST_FILE = IpadRotationApproach/Info.plist;
				IPHONEOS_DEPLOYMENT_TARGET = 8.4;
				LD_RUNPATH_SEARCH_PATHS = "$(inherited) @executable_path/Frameworks";
				PRODUCT_BUNDLE_IDENTIFIER = com.jrafaelm.IpadRotationApproach;
				PRODUCT_NAME = "$(TARGET_NAME)";
			};
			name = Debug;
		};
		B778A3F41CC16CFA00E2F6DE /* Release */ = {
			isa = XCBuildConfiguration;
			buildSettings = {
				ASSETCATALOG_COMPILER_APPICON_NAME = AppIcon;
				INFOPLIST_FILE = IpadRotationApproach/Info.plist;
				IPHONEOS_DEPLOYMENT_TARGET = 8.4;
				LD_RUNPATH_SEARCH_PATHS = "$(inherited) @executable_path/Frameworks";
				PRODUCT_BUNDLE_IDENTIFIER = com.jrafaelm.IpadRotationApproach;
				PRODUCT_NAME = "$(TARGET_NAME)";
			};
			name = Release;
		};
/* End XCBuildConfiguration section */

/* Begin XCConfigurationList section */
		B778A3D31CC16CFA00E2F6DE /* Build configuration list for PBXProject "IpadRotationApproach" */ = {
			isa = XCConfigurationList;
			buildConfigurations = (
				B778A3F01CC16CFA00E2F6DE /* Debug */,
				B778A3F11CC16CFA00E2F6DE /* Release */,
			);
			defaultConfigurationIsVisible = 0;
			defaultConfigurationName = Release;
		};
		B778A3F21CC16CFA00E2F6DE /* Build configuration list for PBXNativeTarget "IpadRotationApproach" */ = {
			isa = XCConfigurationList;
			buildConfigurations = (
				B778A3F31CC16CFA00E2F6DE /* Debug */,
				B778A3F41CC16CFA00E2F6DE /* Release */,
			);
			defaultConfigurationIsVisible = 0;
		};
/* End XCConfigurationList section */

/* Begin XCVersionGroup section */
		B778A3E71CC16CFA00E2F6DE /* IpadRotationApproach.xcdatamodeld */ = {
			isa = XCVersionGroup;
			children = (
				B778A3E81CC16CFA00E2F6DE /* IpadRotationApproach.xcdatamodel */,
			);
			currentVersion = B778A3E81CC16CFA00E2F6DE /* IpadRotationApproach.xcdatamodel */;
			path = IpadRotationApproach.xcdatamodeld;
			sourceTree = "<group>";
			versionGroupType = wrapper.xcdatamodel;
		};
/* End XCVersionGroup section */
	};
	rootObject = B778A3D01CC16CFA00E2F6DE /* Project object */;
}
